
Microsoft Visual Studio Solution File, Format Version 12.00
# Visual Studio Version 16
VisualStudioVersion = 16.0.35325.158
MinimumVisualStudioVersion = 10.0.40219.1
Project("{FAE04EC0-301F-11D3-BF4B-00C04F79EFBC}") = "dr_2_dumpint_mk", "dr_2_dumpint_mk\dr_2_dumpint_mk.csproj", "{61035EDE-7B7B-4CB8-9549-C332F9B3F670}"
EndProject
Global
	GlobalSection(SolutionConfigurationPlatforms) = preSolution
		Debug|Any CPU = Debug|Any CPU
		Release|Any CPU = Release|Any CPU
	EndGlobalSection
	GlobalSection(ProjectConfigurationPlatforms) = postSolution
		{61035EDE-7B7B-4CB8-9549-C332F9B3F670}.Debug|Any CPU.ActiveCfg = Debug|Any CPU
		{61035EDE-7B7B-4CB8-9549-C332F9B3F670}.Debug|Any CPU.Build.0 = Debug|Any CPU
		{61035EDE-7B7B-4CB8-9549-C332F9B3F670}.Release|Any CPU.ActiveCfg = Release|Any CPU
		{61035EDE-7B7B-4CB8-9549-C332F9B3F670}.Release|Any CPU.Build.0 = Release|Any CPU
	EndGlobalSection
	GlobalSection(SolutionProperties) = preSolution
		HideSolutionNode = FALSE
	EndGlobalSection
	GlobalSection(ExtensibilityGlobals) = postSolution
		SolutionGuid = {C1A014ED-5C5C-4F1E-B4BD-6EBE69FA700A}
	EndGlobalSection
EndGlobal
